{
  "version": 4,
  "terraform_version": "1.11.0",
  "serial": 11,
  "lineage": "52125207-a011-15a1-4aae-e128b6eab4bd",
  "outputs": {},
  "resources": [
    {
      "module": "module.elastic-ip",
      "mode": "managed",
      "type": "aws_eip",
      "name": "eips_id",
      "provider": "provider[\"registry.terraform.io/hashicorp/aws\"]",
      "instances": [
        {
          "index_key": "nat_gateway",
          "schema_version": 0,
          "attributes": {
            "address": null,
            "allocation_id": "eipalloc-04fa5a6cf186f1a0a",
            "arn": "arn:aws:ec2:us-east-1:992382514025:elastic-ip/eipalloc-04fa5a6cf186f1a0a",
            "associate_with_private_ip": null,
            "association_id": "eipassoc-04525d9855481dc14",
            "carrier_ip": "",
            "customer_owned_ip": "",
            "customer_owned_ipv4_pool": "",
            "domain": "vpc",
            "id": "eipalloc-04fa5a6cf186f1a0a",
            "instance": "",
            "ipam_pool_id": null,
            "network_border_group": "us-east-1",
            "network_interface": "eni-0aa2b19b5a2fe4e5d",
            "private_dns": "ip-10-37-1-38.ec2.internal",
            "private_ip": "10.37.1.38",
            "ptr_record": "",
            "public_dns": "ec2-54-211-181-209.compute-1.amazonaws.com",
            "public_ip": "54.211.181.209",
            "public_ipv4_pool": "amazon",
            "tags": {
              "Domain": "inteligencia-dados",
              "Environment": "dev",
              "Name": "eip-nat",
              "Owner": "infra",
              "Provisioning-method": "terraform"
            },
            "tags_all": {
              "Domain": "inteligencia-dados",
              "Environment": "dev",
              "Name": "eip-nat",
              "Owner": "infra",
              "Provisioning-method": "terraform"
            },
            "timeouts": null,
            "vpc": true
          },
          "sensitive_attributes": [],
          "private": "eyJlMmJmYjczMC1lY2FhLTExZTYtOGY4OC0zNDM2M2JjN2M0YzAiOnsiZGVsZXRlIjoxODAwMDAwMDAwMDAsInJlYWQiOjkwMDAwMDAwMDAwMCwidXBkYXRlIjozMDAwMDAwMDAwMDB9fQ=="
        }
      ]
    },
    {
      "module": "module.internet-gtw",
      "mode": "managed",
      "type": "aws_internet_gateway",
      "name": "igw_id",
      "provider": "provider[\"registry.terraform.io/hashicorp/aws\"]",
      "instances": [
        {
          "schema_version": 0,
          "attributes": {
            "arn": "arn:aws:ec2:us-east-1:992382514025:internet-gateway/igw-085087b3db3eb99cf",
            "id": "igw-085087b3db3eb99cf",
            "owner_id": "992382514025",
            "tags": {
              "Name": "iddev-igw",
              "environment": "dev",
              "provisioning-method": "terraform"
            },
            "tags_all": {
              "Name": "iddev-igw",
              "environment": "dev",
              "provisioning-method": "terraform"
            },
            "timeouts": null,
            "vpc_id": "vpc-0bb8df1dc8c20b574"
          },
          "sensitive_attributes": [],
          "private": "eyJlMmJmYjczMC1lY2FhLTExZTYtOGY4OC0zNDM2M2JjN2M0YzAiOnsiY3JlYXRlIjoxMjAwMDAwMDAwMDAwLCJkZWxldGUiOjEyMDAwMDAwMDAwMDAsInVwZGF0ZSI6MTIwMDAwMDAwMDAwMH0sInNjaGVtYV92ZXJzaW9uIjoiMCJ9"
        }
      ]
    },
    {
      "module": "module.nat-gtw",
      "mode": "managed",
      "type": "aws_nat_gateway",
      "name": "nat_gtw_id",
      "provider": "provider[\"registry.terraform.io/hashicorp/aws\"]",
      "instances": [
        {
          "schema_version": 0,
          "attributes": {
            "allocation_id": "eipalloc-04fa5a6cf186f1a0a",
            "association_id": "eipassoc-04525d9855481dc14",
            "connectivity_type": "public",
            "id": "nat-08bcf651f0a9a4754",
            "network_interface_id": "eni-0aa2b19b5a2fe4e5d",
            "private_ip": "10.37.1.38",
            "public_ip": "54.211.181.209",
            "secondary_allocation_ids": [],
            "secondary_private_ip_address_count": 0,
            "secondary_private_ip_addresses": [],
            "subnet_id": "subnet-035891483af84b95b",
            "tags": {
              "Name": "iddev-nat-1a",
              "environment": "dev",
              "provisioning-method": "terraform"
            },
            "tags_all": {
              "Name": "iddev-nat-1a",
              "environment": "dev",
              "provisioning-method": "terraform"
            },
            "timeouts": null
          },
          "sensitive_attributes": [],
          "private": "eyJlMmJmYjczMC1lY2FhLTExZTYtOGY4OC0zNDM2M2JjN2M0YzAiOnsiY3JlYXRlIjo2MDAwMDAwMDAwMDAsImRlbGV0ZSI6MTgwMDAwMDAwMDAwMCwidXBkYXRlIjo2MDAwMDAwMDAwMDB9LCJzY2hlbWFfdmVyc2lvbiI6IjAifQ=="
        }
      ]
    },
    {
      "module": "module.subnets",
      "mode": "managed",
      "type": "aws_subnet",
      "name": "private_subnet",
      "provider": "provider[\"registry.terraform.io/hashicorp/aws\"]",
      "instances": [
        {
          "index_key": 0,
          "schema_version": 1,
          "attributes": {
            "arn": "arn:aws:ec2:us-east-1:992382514025:subnet/subnet-0458bbd614cfaad40",
            "assign_ipv6_address_on_creation": false,
            "availability_zone": "us-east-1a",
            "availability_zone_id": "use1-az1",
            "cidr_block": "10.37.12.0/22",
            "customer_owned_ipv4_pool": "",
            "enable_dns64": false,
            "enable_lni_at_device_index": 0,
            "enable_resource_name_dns_a_record_on_launch": false,
            "enable_resource_name_dns_aaaa_record_on_launch": false,
            "id": "subnet-0458bbd614cfaad40",
            "ipv6_cidr_block": "",
            "ipv6_cidr_block_association_id": "",
            "ipv6_native": false,
            "map_customer_owned_ip_on_launch": false,
            "map_public_ip_on_launch": false,
            "outpost_arn": "",
            "owner_id": "992382514025",
            "private_dns_hostname_type_on_launch": "ip-name",
            "tags": {
              "Name": "iddev-subnet-private1-us-east-1a",
              "environment": "dev",
              "provisioning-method": "terraform"
            },
            "tags_all": {
              "Name": "iddev-subnet-private1-us-east-1a",
              "environment": "dev",
              "provisioning-method": "terraform"
            },
            "timeouts": null,
            "vpc_id": "vpc-0bb8df1dc8c20b574"
          },
          "sensitive_attributes": [],
          "private": "eyJlMmJmYjczMC1lY2FhLTExZTYtOGY4OC0zNDM2M2JjN2M0YzAiOnsiY3JlYXRlIjo2MDAwMDAwMDAwMDAsImRlbGV0ZSI6MTIwMDAwMDAwMDAwMH0sInNjaGVtYV92ZXJzaW9uIjoiMSJ9"
        },
        {
          "index_key": 1,
          "schema_version": 1,
          "attributes": {
            "arn": "arn:aws:ec2:us-east-1:992382514025:subnet/subnet-056b24f7c4b7fbfd0",
            "assign_ipv6_address_on_creation": false,
            "availability_zone": "us-east-1b",
            "availability_zone_id": "use1-az2",
            "cidr_block": "10.37.16.0/22",
            "customer_owned_ipv4_pool": "",
            "enable_dns64": false,
            "enable_lni_at_device_index": 0,
            "enable_resource_name_dns_a_record_on_launch": false,
            "enable_resource_name_dns_aaaa_record_on_launch": false,
            "id": "subnet-056b24f7c4b7fbfd0",
            "ipv6_cidr_block": "",
            "ipv6_cidr_block_association_id": "",
            "ipv6_native": false,
            "map_customer_owned_ip_on_launch": false,
            "map_public_ip_on_launch": false,
            "outpost_arn": "",
            "owner_id": "992382514025",
            "private_dns_hostname_type_on_launch": "ip-name",
            "tags": {
              "Name": "iddev-subnet-private2-us-east-1b",
              "environment": "dev",
              "provisioning-method": "terraform"
            },
            "tags_all": {
              "Name": "iddev-subnet-private2-us-east-1b",
              "environment": "dev",
              "provisioning-method": "terraform"
            },
            "timeouts": null,
            "vpc_id": "vpc-0bb8df1dc8c20b574"
          },
          "sensitive_attributes": [],
          "private": "eyJlMmJmYjczMC1lY2FhLTExZTYtOGY4OC0zNDM2M2JjN2M0YzAiOnsiY3JlYXRlIjo2MDAwMDAwMDAwMDAsImRlbGV0ZSI6MTIwMDAwMDAwMDAwMH0sInNjaGVtYV92ZXJzaW9uIjoiMSJ9"
        },
        {
          "index_key": 2,
          "schema_version": 1,
          "attributes": {
            "arn": "arn:aws:ec2:us-east-1:992382514025:subnet/subnet-05820715fe9c19530",
            "assign_ipv6_address_on_creation": false,
            "availability_zone": "us-east-1a",
            "availability_zone_id": "use1-az1",
            "cidr_block": "10.37.24.0/22",
            "customer_owned_ipv4_pool": "",
            "enable_dns64": false,
            "enable_lni_at_device_index": 0,
            "enable_resource_name_dns_a_record_on_launch": false,
            "enable_resource_name_dns_aaaa_record_on_launch": false,
            "id": "subnet-05820715fe9c19530",
            "ipv6_cidr_block": "",
            "ipv6_cidr_block_association_id": "",
            "ipv6_native": false,
            "map_customer_owned_ip_on_launch": false,
            "map_public_ip_on_launch": false,
            "outpost_arn": "",
            "owner_id": "992382514025",
            "private_dns_hostname_type_on_launch": "ip-name",
            "tags": {
              "Name": "iddev-subnet-private4-us-east-1a",
              "environment": "dev",
              "provisioning-method": "terraform"
            },
            "tags_all": {
              "Name": "iddev-subnet-private4-us-east-1a",
              "environment": "dev",
              "provisioning-method": "terraform"
            },
            "timeouts": null,
            "vpc_id": "vpc-0bb8df1dc8c20b574"
          },
          "sensitive_attributes": [],
          "private": "eyJlMmJmYjczMC1lY2FhLTExZTYtOGY4OC0zNDM2M2JjN2M0YzAiOnsiY3JlYXRlIjo2MDAwMDAwMDAwMDAsImRlbGV0ZSI6MTIwMDAwMDAwMDAwMH0sInNjaGVtYV92ZXJzaW9uIjoiMSJ9"
        },
        {
          "index_key": 3,
          "schema_version": 1,
          "attributes": {
            "arn": "arn:aws:ec2:us-east-1:992382514025:subnet/subnet-03c1458abe87d3cad",
            "assign_ipv6_address_on_creation": false,
            "availability_zone": "us-east-1b",
            "availability_zone_id": "use1-az2",
            "cidr_block": "10.37.28.0/22",
            "customer_owned_ipv4_pool": "",
            "enable_dns64": false,
            "enable_lni_at_device_index": 0,
            "enable_resource_name_dns_a_record_on_launch": false,
            "enable_resource_name_dns_aaaa_record_on_launch": false,
            "id": "subnet-03c1458abe87d3cad",
            "ipv6_cidr_block": "",
            "ipv6_cidr_block_association_id": "",
            "ipv6_native": false,
            "map_customer_owned_ip_on_launch": false,
            "map_public_ip_on_launch": false,
            "outpost_arn": "",
            "owner_id": "992382514025",
            "private_dns_hostname_type_on_launch": "ip-name",
            "tags": {
              "Name": "iddev-subnet-private5-us-east-1b",
              "environment": "dev",
              "provisioning-method": "terraform"
            },
            "tags_all": {
              "Name": "iddev-subnet-private5-us-east-1b",
              "environment": "dev",
              "provisioning-method": "terraform"
            },
            "timeouts": null,
            "vpc_id": "vpc-0bb8df1dc8c20b574"
          },
          "sensitive_attributes": [],
          "private": "eyJlMmJmYjczMC1lY2FhLTExZTYtOGY4OC0zNDM2M2JjN2M0YzAiOnsiY3JlYXRlIjo2MDAwMDAwMDAwMDAsImRlbGV0ZSI6MTIwMDAwMDAwMDAwMH0sInNjaGVtYV92ZXJzaW9uIjoiMSJ9"
        }
      ]
    },
    {
      "module": "module.subnets",
      "mode": "managed",
      "type": "aws_subnet",
      "name": "public_subnet",
      "provider": "provider[\"registry.terraform.io/hashicorp/aws\"]",
      "instances": [
        {
          "index_key": 0,
          "schema_version": 1,
          "attributes": {
            "arn": "arn:aws:ec2:us-east-1:992382514025:subnet/subnet-035891483af84b95b",
            "assign_ipv6_address_on_creation": false,
            "availability_zone": "us-east-1a",
            "availability_zone_id": "use1-az1",
            "cidr_block": "10.37.0.0/22",
            "customer_owned_ipv4_pool": "",
            "enable_dns64": false,
            "enable_lni_at_device_index": 0,
            "enable_resource_name_dns_a_record_on_launch": false,
            "enable_resource_name_dns_aaaa_record_on_launch": false,
            "id": "subnet-035891483af84b95b",
            "ipv6_cidr_block": "",
            "ipv6_cidr_block_association_id": "",
            "ipv6_native": false,
            "map_customer_owned_ip_on_launch": false,
            "map_public_ip_on_launch": false,
            "outpost_arn": "",
            "owner_id": "992382514025",
            "private_dns_hostname_type_on_launch": "ip-name",
            "tags": {
              "Name": "iddev-subnet-public1-us-east-1a",
              "environment": "dev",
              "provisioning-method": "terraform"
            },
            "tags_all": {
              "Name": "iddev-subnet-public1-us-east-1a",
              "environment": "dev",
              "provisioning-method": "terraform"
            },
            "timeouts": null,
            "vpc_id": "vpc-0bb8df1dc8c20b574"
          },
          "sensitive_attributes": [],
          "private": "eyJlMmJmYjczMC1lY2FhLTExZTYtOGY4OC0zNDM2M2JjN2M0YzAiOnsiY3JlYXRlIjo2MDAwMDAwMDAwMDAsImRlbGV0ZSI6MTIwMDAwMDAwMDAwMH0sInNjaGVtYV92ZXJzaW9uIjoiMSJ9"
        },
        {
          "index_key": 1,
          "schema_version": 1,
          "attributes": {
            "arn": "arn:aws:ec2:us-east-1:992382514025:subnet/subnet-01a34ef4b78b37ff7",
            "assign_ipv6_address_on_creation": false,
            "availability_zone": "us-east-1b",
            "availability_zone_id": "use1-az2",
            "cidr_block": "10.37.4.0/22",
            "customer_owned_ipv4_pool": "",
            "enable_dns64": false,
            "enable_lni_at_device_index": 0,
            "enable_resource_name_dns_a_record_on_launch": false,
            "enable_resource_name_dns_aaaa_record_on_launch": false,
            "id": "subnet-01a34ef4b78b37ff7",
            "ipv6_cidr_block": "",
            "ipv6_cidr_block_association_id": "",
            "ipv6_native": false,
            "map_customer_owned_ip_on_launch": false,
            "map_public_ip_on_launch": false,
            "outpost_arn": "",
            "owner_id": "992382514025",
            "private_dns_hostname_type_on_launch": "ip-name",
            "tags": {
              "Name": "iddev-subnet-public2-us-east-1b",
              "environment": "dev",
              "provisioning-method": "terraform"
            },
            "tags_all": {
              "Name": "iddev-subnet-public2-us-east-1b",
              "environment": "dev",
              "provisioning-method": "terraform"
            },
            "timeouts": null,
            "vpc_id": "vpc-0bb8df1dc8c20b574"
          },
          "sensitive_attributes": [],
          "private": "eyJlMmJmYjczMC1lY2FhLTExZTYtOGY4OC0zNDM2M2JjN2M0YzAiOnsiY3JlYXRlIjo2MDAwMDAwMDAwMDAsImRlbGV0ZSI6MTIwMDAwMDAwMDAwMH0sInNjaGVtYV92ZXJzaW9uIjoiMSJ9"
        }
      ]
    },
    {
      "module": "module.vpc",
      "mode": "managed",
      "type": "aws_vpc",
      "name": "vpc_id",
      "provider": "provider[\"registry.terraform.io/hashicorp/aws\"]",
      "instances": [
        {
          "schema_version": 1,
          "attributes": {
            "arn": "arn:aws:ec2:us-east-1:992382514025:vpc/vpc-0bb8df1dc8c20b574",
            "assign_generated_ipv6_cidr_block": false,
            "cidr_block": "10.37.0.0/18",
            "default_network_acl_id": "acl-0d92dfef73b349b67",
            "default_route_table_id": "rtb-0200a1df092ae7e39",
            "default_security_group_id": "sg-0b11b983ef2110568",
            "dhcp_options_id": "dopt-0438e691335191071",
            "enable_dns_hostnames": true,
            "enable_dns_support": true,
            "enable_network_address_usage_metrics": false,
            "id": "vpc-0bb8df1dc8c20b574",
            "instance_tenancy": "default",
            "ipv4_ipam_pool_id": null,
            "ipv4_netmask_length": null,
            "ipv6_association_id": "",
            "ipv6_cidr_block": "",
            "ipv6_cidr_block_network_border_group": "",
            "ipv6_ipam_pool_id": "",
            "ipv6_netmask_length": 0,
            "main_route_table_id": "rtb-0200a1df092ae7e39",
            "owner_id": "992382514025",
            "tags": {
              "Name": "iddev-vpc",
              "environment": "dev",
              "provisioning-method": "terraform"
            },
            "tags_all": {
              "Name": "iddev-vpc",
              "environment": "dev",
              "provisioning-method": "terraform"
            }
          },
          "sensitive_attributes": [],
          "private": "eyJzY2hlbWFfdmVyc2lvbiI6IjEifQ=="
        }
      ]
    }
  ],
  "check_results": null
}
